
Microsoft Visual Studio Solution File, Format Version 12.00
# Visual Studio Version 17
VisualStudioVersion = 17.0.31903.59
MinimumVisualStudioVersion = 10.0.40219.1
Project("{FAE04EC0-301F-11D3-BF4B-00C04F79EFBC}") = "Progress.Sitefinity.Office365.Mail.Sender", "Progress.Sitefinity.Office365.Mail.Sender\Progress.Sitefinity.Office365.Mail.Sender.csproj", "{922D0EE9-3B2E-47FA-94CD-07DEBEDA040E}"
EndProject
Global
	GlobalSection(SolutionConfigurationPlatforms) = preSolution
		Debug|Any CPU = Debug|Any CPU
		Release|Any CPU = Release|Any CPU
	EndGlobalSection
	GlobalSection(ProjectConfigurationPlatforms) = postSolution
		{922D0EE9-3B2E-47FA-94CD-07DEBEDA040E}.Debug|Any CPU.ActiveCfg = Debug|Any CPU
		{922D0EE9-3B2E-47FA-94CD-07DEBEDA040E}.Debug|Any CPU.Build.0 = Debug|Any CPU
		{922D0EE9-3B2E-47FA-94CD-07DEBEDA040E}.Release|Any CPU.ActiveCfg = Release|Any CPU
		{922D0EE9-3B2E-47FA-94CD-07DEBEDA040E}.Release|Any CPU.Build.0 = Release|Any CPU
	EndGlobalSection
	GlobalSection(SolutionProperties) = preSolution
		HideSolutionNode = FALSE
	EndGlobalSection
	GlobalSection(ExtensibilityGlobals) = postSolution
		SolutionGuid = {7AC5334E-4A43-454E-B480-EADC4417D12F}
	EndGlobalSection
EndGlobal
